
Microsoft Visual Studio Solution File, Format Version 12.00
# Visual Studio Version 17
VisualStudioVersion = 17.6.33801.468
MinimumVisualStudioVersion = 10.0.40219.1
Project("{FAE04EC0-301F-11D3-BF4B-00C04F79EFBC}") = "BP_data_manager", "BP_data_manager.csproj", "{A99F94A3-8DCC-4917-B770-8B5628E032FF}"
EndProject
Global
	GlobalSection(SolutionConfigurationPlatforms) = preSolution
		Debug|Any CPU = Debug|Any CPU
		Release|Any CPU = Release|Any CPU
	EndGlobalSection
	GlobalSection(ProjectConfigurationPlatforms) = postSolution
		{A99F94A3-8DCC-4917-B770-8B5628E032FF}.Debug|Any CPU.ActiveCfg = Debug|Any CPU
		{A99F94A3-8DCC-4917-B770-8B5628E032FF}.Debug|Any CPU.Build.0 = Debug|Any CPU
		{A99F94A3-8DCC-4917-B770-8B5628E032FF}.Release|Any CPU.ActiveCfg = Release|Any CPU
		{A99F94A3-8DCC-4917-B770-8B5628E032FF}.Release|Any CPU.Build.0 = Release|Any CPU
	EndGlobalSection
	GlobalSection(SolutionProperties) = preSolution
		HideSolutionNode = FALSE
	EndGlobalSection
	GlobalSection(ExtensibilityGlobals) = postSolution
		SolutionGuid = {F8030976-D55D-44F0-8280-EB070EA5585F}
	EndGlobalSection
EndGlobal
